// !$*UTF8*$!
{
	archiveVersion = 1;
	classes = {
	};
	objectVersion = 50;
	objects = {

/* Begin PBXBuildFile section */
		8E0A059322543077000B3029 /* AppDelegate.swift in Sources */ = {isa = PBXBuildFile; fileRef = 8E0A059222543077000B3029 /* AppDelegate.swift */; };
		8E0A059822543077000B3029 /* Main.storyboard in Resources */ = {isa = PBXBuildFile; fileRef = 8E0A059622543077000B3029 /* Main.storyboard */; };
		8E0A059A22543079000B3029 /* Assets.xcassets in Resources */ = {isa = PBXBuildFile; fileRef = 8E0A059922543079000B3029 /* Assets.xcassets */; };
		8E0A059D22543079000B3029 /* LaunchScreen.storyboard in Resources */ = {isa = PBXBuildFile; fileRef = 8E0A059B22543079000B3029 /* LaunchScreen.storyboard */; };
		8EC4DBEF226FB3060027CCA5 /* GoogleService-Info.plist in Resources */ = {isa = PBXBuildFile; fileRef = 8EC4DBEE226FB3060027CCA5 /* GoogleService-Info.plist */; };
		8EEA39D92270ECA4009D1329 /* ClosetTableViewCell.swift in Sources */ = {isa = PBXBuildFile; fileRef = 8EEA39D82270ECA3009D1329 /* ClosetTableViewCell.swift */; };
		8EEA39DB227111D5009D1329 /* AddNewItemViewController.swift in Sources */ = {isa = PBXBuildFile; fileRef = 8EEA39DA227111D5009D1329 /* AddNewItemViewController.swift */; };
		8EEA39DD227140F7009D1329 /* ClothesItem.swift in Sources */ = {isa = PBXBuildFile; fileRef = 8EEA39DC227140F7009D1329 /* ClothesItem.swift */; };
		8EEA39E32272051A009D1329 /* AllClothesViewController.swift in Sources */ = {isa = PBXBuildFile; fileRef = 8EEA39E22272051A009D1329 /* AllClothesViewController.swift */; };
		8EEA39E522720625009D1329 /* ClothesItems.swift in Sources */ = {isa = PBXBuildFile; fileRef = 8EEA39E422720625009D1329 /* ClothesItems.swift */; };
		8EFFDBDC226FD26B002B1C5B /* ItemViewController.swift in Sources */ = {isa = PBXBuildFile; fileRef = 8EFFDBDB226FD26B002B1C5B /* ItemViewController.swift */; };
		8EFFDBDE226FD3B0002B1C5B /* ItemCollectionViewCell.swift in Sources */ = {isa = PBXBuildFile; fileRef = 8EFFDBDD226FD3B0002B1C5B /* ItemCollectionViewCell.swift */; };
		8EFFDBE0226FF9C4002B1C5B /* ClosetViewController.swift in Sources */ = {isa = PBXBuildFile; fileRef = 8EFFDBDF226FF9C4002B1C5B /* ClosetViewController.swift */; };
		8EFFDBE2226FFDAA002B1C5B /* OutfitCreatorViewController.swift in Sources */ = {isa = PBXBuildFile; fileRef = 8EFFDBE1226FFDA9002B1C5B /* OutfitCreatorViewController.swift */; };
		8EFFDBE42270065B002B1C5B /* MyClosetUser.swift in Sources */ = {isa = PBXBuildFile; fileRef = 8EFFDBE32270065B002B1C5B /* MyClosetUser.swift */; };
		8EFFDBE622701695002B1C5B /* MyClosetUserProfileViewController.swift in Sources */ = {isa = PBXBuildFile; fileRef = 8EFFDBE522701695002B1C5B /* MyClosetUserProfileViewController.swift */; };
		EB92055E2BDBEEA40D0566D2 /* Pods_Random_Project.framework in Frameworks */ = {isa = PBXBuildFile; fileRef = 52AE4FC64E1AAEBA6D0DD0DD /* Pods_Random_Project.framework */; };
/* End PBXBuildFile section */

/* Begin PBXFileReference section */
		4E9E526172DB4A66F78DC775 /* Pods-Random Project.release.xcconfig */ = {isa = PBXFileReference; includeInIndex = 1; lastKnownFileType = text.xcconfig; name = "Pods-Random Project.release.xcconfig"; path = "Target Support Files/Pods-Random Project/Pods-Random Project.release.xcconfig"; sourceTree = "<group>"; };
		52AE4FC64E1AAEBA6D0DD0DD /* Pods_Random_Project.framework */ = {isa = PBXFileReference; explicitFileType = wrapper.framework; includeInIndex = 0; path = Pods_Random_Project.framework; sourceTree = BUILT_PRODUCTS_DIR; };
		8E0A058F22543077000B3029 /* Random Project.app */ = {isa = PBXFileReference; explicitFileType = wrapper.application; includeInIndex = 0; path = "Random Project.app"; sourceTree = BUILT_PRODUCTS_DIR; };
		8E0A059222543077000B3029 /* AppDelegate.swift */ = {isa = PBXFileReference; lastKnownFileType = sourcecode.swift; path = AppDelegate.swift; sourceTree = "<group>"; };
		8E0A059722543077000B3029 /* Base */ = {isa = PBXFileReference; lastKnownFileType = file.storyboard; name = Base; path = Base.lproj/Main.storyboard; sourceTree = "<group>"; };
		8E0A059922543079000B3029 /* Assets.xcassets */ = {isa = PBXFileReference; lastKnownFileType = folder.assetcatalog; path = Assets.xcassets; sourceTree = "<group>"; };
		8E0A059C22543079000B3029 /* Base */ = {isa = PBXFileReference; lastKnownFileType = file.storyboard; name = Base; path = Base.lproj/LaunchScreen.storyboard; sourceTree = "<group>"; };
		8E0A059E22543079000B3029 /* Info.plist */ = {isa = PBXFileReference; lastKnownFileType = text.plist.xml; path = Info.plist; sourceTree = "<group>"; };
		8EC4DBEE226FB3060027CCA5 /* GoogleService-Info.plist */ = {isa = PBXFileReference; fileEncoding = 4; lastKnownFileType = text.plist.xml; path = "GoogleService-Info.plist"; sourceTree = "<group>"; };
		8EEA39D82270ECA3009D1329 /* ClosetTableViewCell.swift */ = {isa = PBXFileReference; lastKnownFileType = sourcecode.swift; path = ClosetTableViewCell.swift; sourceTree = "<group>"; };
		8EEA39DA227111D5009D1329 /* AddNewItemViewController.swift */ = {isa = PBXFileReference; lastKnownFileType = sourcecode.swift; path = AddNewItemViewController.swift; sourceTree = "<group>"; };
		8EEA39DC227140F7009D1329 /* ClothesItem.swift */ = {isa = PBXFileReference; lastKnownFileType = sourcecode.swift; path = ClothesItem.swift; sourceTree = "<group>"; };
		8EEA39E22272051A009D1329 /* AllClothesViewController.swift */ = {isa = PBXFileReference; lastKnownFileType = sourcecode.swift; path = AllClothesViewController.swift; sourceTree = "<group>"; };
		8EEA39E422720625009D1329 /* ClothesItems.swift */ = {isa = PBXFileReference; lastKnownFileType = sourcecode.swift; path = ClothesItems.swift; sourceTree = "<group>"; };
		8EFFDBDB226FD26B002B1C5B /* ItemViewController.swift */ = {isa = PBXFileReference; lastKnownFileType = sourcecode.swift; path = ItemViewController.swift; sourceTree = "<group>"; };
		8EFFDBDD226FD3B0002B1C5B /* ItemCollectionViewCell.swift */ = {isa = PBXFileReference; lastKnownFileType = sourcecode.swift; path = ItemCollectionViewCell.swift; sourceTree = "<group>"; };
		8EFFDBDF226FF9C4002B1C5B /* ClosetViewController.swift */ = {isa = PBXFileReference; lastKnownFileType = sourcecode.swift; path = ClosetViewController.swift; sourceTree = "<group>"; };
		8EFFDBE1226FFDA9002B1C5B /* OutfitCreatorViewController.swift */ = {isa = PBXFileReference; lastKnownFileType = sourcecode.swift; path = OutfitCreatorViewController.swift; sourceTree = "<group>"; };
		8EFFDBE32270065B002B1C5B /* MyClosetUser.swift */ = {isa = PBXFileReference; lastKnownFileType = sourcecode.swift; path = MyClosetUser.swift; sourceTree = "<group>"; };
		8EFFDBE522701695002B1C5B /* MyClosetUserProfileViewController.swift */ = {isa = PBXFileReference; lastKnownFileType = sourcecode.swift; path = MyClosetUserProfileViewController.swift; sourceTree = "<group>"; };
		D6E442195A3AA18BED27596C /* Pods-Random Project.debug.xcconfig */ = {isa = PBXFileReference; includeInIndex = 1; lastKnownFileType = text.xcconfig; name = "Pods-Random Project.debug.xcconfig"; path = "Target Support Files/Pods-Random Project/Pods-Random Project.debug.xcconfig"; sourceTree = "<group>"; };
/* End PBXFileReference section */

/* Begin PBXFrameworksBuildPhase section */
		8E0A058C22543077000B3029 /* Frameworks */ = {
			isa = PBXFrameworksBuildPhase;
			buildActionMask = 2147483647;
			files = (
				EB92055E2BDBEEA40D0566D2 /* Pods_Random_Project.framework in Frameworks */,
			);
			runOnlyForDeploymentPostprocessing = 0;
		};
/* End PBXFrameworksBuildPhase section */

/* Begin PBXGroup section */
		8871C3F651ECAC562A9660D2 /* Pods */ = {
			isa = PBXGroup;
			children = (
				D6E442195A3AA18BED27596C /* Pods-Random Project.debug.xcconfig */,
				4E9E526172DB4A66F78DC775 /* Pods-Random Project.release.xcconfig */,
			);
			path = Pods;
			sourceTree = "<group>";
		};
		8E0A058622543076000B3029 = {
			isa = PBXGroup;
			children = (
				8E0A059122543077000B3029 /* Random Project */,
				8E0A059022543077000B3029 /* Products */,
				8871C3F651ECAC562A9660D2 /* Pods */,
				A51FEC76379B42FE52E82EC9 /* Frameworks */,
			);
			sourceTree = "<group>";
		};
		8E0A059022543077000B3029 /* Products */ = {
			isa = PBXGroup;
			children = (
				8E0A058F22543077000B3029 /* Random Project.app */,
			);
			name = Products;
			sourceTree = "<group>";
		};
		8E0A059122543077000B3029 /* Random Project */ = {
			isa = PBXGroup;
			children = (
				8E0A059222543077000B3029 /* AppDelegate.swift */,
				8EEA39E422720625009D1329 /* ClothesItems.swift */,
				8EEA39DC227140F7009D1329 /* ClothesItem.swift */,
				8EFFDBE522701695002B1C5B /* MyClosetUserProfileViewController.swift */,
				8EFFDBE32270065B002B1C5B /* MyClosetUser.swift */,
				8EFFDBDB226FD26B002B1C5B /* ItemViewController.swift */,
				8EFFDBDD226FD3B0002B1C5B /* ItemCollectionViewCell.swift */,
				8EFFDBDF226FF9C4002B1C5B /* ClosetViewController.swift */,
				8EEA39D82270ECA3009D1329 /* ClosetTableViewCell.swift */,
				8EFFDBE1226FFDA9002B1C5B /* OutfitCreatorViewController.swift */,
				8EEA39DA227111D5009D1329 /* AddNewItemViewController.swift */,
				8EEA39E22272051A009D1329 /* AllClothesViewController.swift */,
				8E0A059622543077000B3029 /* Main.storyboard */,
				8E0A059922543079000B3029 /* Assets.xcassets */,
				8E0A059B22543079000B3029 /* LaunchScreen.storyboard */,
				8E0A059E22543079000B3029 /* Info.plist */,
				8EC4DBEE226FB3060027CCA5 /* GoogleService-Info.plist */,
			);
			path = "Random Project";
			sourceTree = "<group>";
		};
		A51FEC76379B42FE52E82EC9 /* Frameworks */ = {
			isa = PBXGroup;
			children = (
				52AE4FC64E1AAEBA6D0DD0DD /* Pods_Random_Project.framework */,
			);
			name = Frameworks;
			sourceTree = "<group>";
		};
/* End PBXGroup section */

/* Begin PBXNativeTarget section */
		8E0A058E22543077000B3029 /* Random Project */ = {
			isa = PBXNativeTarget;
			buildConfigurationList = 8E0A05A122543079000B3029 /* Build configuration list for PBXNativeTarget "Random Project" */;
			buildPhases = (
				9CAB1C48340315F758ED9CAE /* [CP] Check Pods Manifest.lock */,
				8E0A058B22543077000B3029 /* Sources */,
				8E0A058C22543077000B3029 /* Frameworks */,
				8E0A058D22543077000B3029 /* Resources */,
				91B1ED2FC300ADC311FA2578 /* [CP] Embed Pods Frameworks */,
				699E0EF17FA9FB0E778DCDDB /* [CP] Copy Pods Resources */,
			);
			buildRules = (
			);
			dependencies = (
			);
			name = "Random Project";
			productName = "Random Project";
			productReference = 8E0A058F22543077000B3029 /* Random Project.app */;
			productType = "com.apple.product-type.application";
		};
/* End PBXNativeTarget section */

/* Begin PBXProject section */
		8E0A058722543076000B3029 /* Project object */ = {
			isa = PBXProject;
			attributes = {
				LastSwiftUpdateCheck = 1010;
				LastUpgradeCheck = 1010;
				ORGANIZATIONNAME = "Cameron Arrigo";
				TargetAttributes = {
					8E0A058E22543077000B3029 = {
						CreatedOnToolsVersion = 10.1;
					};
				};
			};
			buildConfigurationList = 8E0A058A22543076000B3029 /* Build configuration list for PBXProject "Random Project" */;
			compatibilityVersion = "Xcode 9.3";
			developmentRegion = en;
			hasScannedForEncodings = 0;
			knownRegions = (
				en,
				Base,
			);
			mainGroup = 8E0A058622543076000B3029;
			productRefGroup = 8E0A059022543077000B3029 /* Products */;
			projectDirPath = "";
			projectRoot = "";
			targets = (
				8E0A058E22543077000B3029 /* Random Project */,
			);
		};
/* End PBXProject section */

/* Begin PBXResourcesBuildPhase section */
		8E0A058D22543077000B3029 /* Resources */ = {
			isa = PBXResourcesBuildPhase;
			buildActionMask = 2147483647;
			files = (
				8E0A059D22543079000B3029 /* LaunchScreen.storyboard in Resources */,
				8EC4DBEF226FB3060027CCA5 /* GoogleService-Info.plist in Resources */,
				8E0A059A22543079000B3029 /* Assets.xcassets in Resources */,
				8E0A059822543077000B3029 /* Main.storyboard in Resources */,
			);
			runOnlyForDeploymentPostprocessing = 0;
		};
/* End PBXResourcesBuildPhase section */

/* Begin PBXShellScriptBuildPhase section */
		699E0EF17FA9FB0E778DCDDB /* [CP] Copy Pods Resources */ = {
			isa = PBXShellScriptBuildPhase;
			buildActionMask = 2147483647;
			files = (
			);
			inputFileListPaths = (
			);
			inputPaths = (
				"${PODS_ROOT}/Target Support Files/Pods-Random Project/Pods-Random Project-resources.sh",
				"${PODS_CONFIGURATION_BUILD_DIR}/FirebaseUI/FirebaseAuthUI.bundle",
				"${PODS_CONFIGURATION_BUILD_DIR}/FirebaseUI/FirebaseGoogleAuthUI.bundle",
				"${PODS_ROOT}/GoogleMaps/Maps/Frameworks/GoogleMaps.framework/Resources/GoogleMaps.bundle",
				"${PODS_ROOT}/GooglePlacePicker/Frameworks/GooglePlacePicker.framework/Resources/GooglePlacePicker.bundle",
				"${PODS_ROOT}/GooglePlaces/Frameworks/GooglePlaces.framework/Resources/GooglePlaces.bundle",
				"${PODS_ROOT}/GoogleSignIn/Resources/GoogleSignIn.bundle",
			);
			name = "[CP] Copy Pods Resources";
			outputFileListPaths = (
			);
			outputPaths = (
				"${TARGET_BUILD_DIR}/${UNLOCALIZED_RESOURCES_FOLDER_PATH}/FirebaseAuthUI.bundle",
				"${TARGET_BUILD_DIR}/${UNLOCALIZED_RESOURCES_FOLDER_PATH}/FirebaseGoogleAuthUI.bundle",
				"${TARGET_BUILD_DIR}/${UNLOCALIZED_RESOURCES_FOLDER_PATH}/GoogleMaps.bundle",
				"${TARGET_BUILD_DIR}/${UNLOCALIZED_RESOURCES_FOLDER_PATH}/GooglePlacePicker.bundle",
				"${TARGET_BUILD_DIR}/${UNLOCALIZED_RESOURCES_FOLDER_PATH}/GooglePlaces.bundle",
				"${TARGET_BUILD_DIR}/${UNLOCALIZED_RESOURCES_FOLDER_PATH}/GoogleSignIn.bundle",
			);
			runOnlyForDeploymentPostprocessing = 0;
			shellPath = /bin/sh;
			shellScript = "\"${PODS_ROOT}/Target Support Files/Pods-Random Project/Pods-Random Project-resources.sh\"\n";
			showEnvVarsInLog = 0;
		};
		91B1ED2FC300ADC311FA2578 /* [CP] Embed Pods Frameworks */ = {
			isa = PBXShellScriptBuildPhase;
			buildActionMask = 2147483647;
			files = (
			);
			inputFileListPaths = (
			);
			inputPaths = (
				"${PODS_ROOT}/Target Support Files/Pods-Random Project/Pods-Random Project-frameworks.sh",
				"${BUILT_PRODUCTS_DIR}/BoringSSL-GRPC/openssl_grpc.framework",
				"${BUILT_PRODUCTS_DIR}/GTMSessionFetcher/GTMSessionFetcher.framework",
				"${BUILT_PRODUCTS_DIR}/GoogleToolboxForMac/GoogleToolboxForMac.framework",
				"${BUILT_PRODUCTS_DIR}/GoogleUtilities/GoogleUtilities.framework",
				"${BUILT_PRODUCTS_DIR}/Protobuf/Protobuf.framework",
				"${BUILT_PRODUCTS_DIR}/SDWebImage/SDWebImage.framework",
				"${BUILT_PRODUCTS_DIR}/gRPC-C++/grpcpp.framework",
				"${BUILT_PRODUCTS_DIR}/gRPC-Core/grpc.framework",
				"${BUILT_PRODUCTS_DIR}/leveldb-library/leveldb.framework",
				"${BUILT_PRODUCTS_DIR}/nanopb/nanopb.framework",
			);
			name = "[CP] Embed Pods Frameworks";
			outputFileListPaths = (
			);
			outputPaths = (
				"${TARGET_BUILD_DIR}/${FRAMEWORKS_FOLDER_PATH}/openssl_grpc.framework",
				"${TARGET_BUILD_DIR}/${FRAMEWORKS_FOLDER_PATH}/GTMSessionFetcher.framework",
				"${TARGET_BUILD_DIR}/${FRAMEWORKS_FOLDER_PATH}/GoogleToolboxForMac.framework",
				"${TARGET_BUILD_DIR}/${FRAMEWORKS_FOLDER_PATH}/GoogleUtilities.framework",
				"${TARGET_BUILD_DIR}/${FRAMEWORKS_FOLDER_PATH}/Protobuf.framework",
				"${TARGET_BUILD_DIR}/${FRAMEWORKS_FOLDER_PATH}/SDWebImage.framework",
				"${TARGET_BUILD_DIR}/${FRAMEWORKS_FOLDER_PATH}/grpcpp.framework",
				"${TARGET_BUILD_DIR}/${FRAMEWORKS_FOLDER_PATH}/grpc.framework",
				"${TARGET_BUILD_DIR}/${FRAMEWORKS_FOLDER_PATH}/leveldb.framework",
				"${TARGET_BUILD_DIR}/${FRAMEWORKS_FOLDER_PATH}/nanopb.framework",
			);
			runOnlyForDeploymentPostprocessing = 0;
			shellPath = /bin/sh;
			shellScript = "\"${PODS_ROOT}/Target Support Files/Pods-Random Project/Pods-Random Project-frameworks.sh\"\n";
			showEnvVarsInLog = 0;
		};
		9CAB1C48340315F758ED9CAE /* [CP] Check Pods Manifest.lock */ = {
			isa = PBXShellScriptBuildPhase;
			buildActionMask = 2147483647;
			files = (
			);
			inputFileListPaths = (
			);
			inputPaths = (
				"${PODS_PODFILE_DIR_PATH}/Podfile.lock",
				"${PODS_ROOT}/Manifest.lock",
			);
			name = "[CP] Check Pods Manifest.lock";
			outputFileListPaths = (
			);
			outputPaths = (
				"$(DERIVED_FILE_DIR)/Pods-Random Project-checkManifestLockResult.txt",
			);
			runOnlyForDeploymentPostprocessing = 0;
			shellPath = /bin/sh;
			shellScript = "diff \"${PODS_PODFILE_DIR_PATH}/Podfile.lock\" \"${PODS_ROOT}/Manifest.lock\" > /dev/null\nif [ $? != 0 ] ; then\n    # print error to STDERR\n    echo \"error: The sandbox is not in sync with the Podfile.lock. Run 'pod install' or update your CocoaPods installation.\" >&2\n    exit 1\nfi\n# This output is used by Xcode 'outputs' to avoid re-running this script phase.\necho \"SUCCESS\" > \"${SCRIPT_OUTPUT_FILE_0}\"\n";
			showEnvVarsInLog = 0;
		};
/* End PBXShellScriptBuildPhase section */

/* Begin PBXSourcesBuildPhase section */
		8E0A058B22543077000B3029 /* Sources */ = {
			isa = PBXSourcesBuildPhase;
			buildActionMask = 2147483647;
			files = (
				8EFFDBE622701695002B1C5B /* MyClosetUserProfileViewController.swift in Sources */,
				8EEA39D92270ECA4009D1329 /* ClosetTableViewCell.swift in Sources */,
				8EEA39DB227111D5009D1329 /* AddNewItemViewController.swift in Sources */,
				8EFFDBDE226FD3B0002B1C5B /* ItemCollectionViewCell.swift in Sources */,
				8EFFDBDC226FD26B002B1C5B /* ItemViewController.swift in Sources */,
				8EFFDBE42270065B002B1C5B /* MyClosetUser.swift in Sources */,
				8EFFDBE0226FF9C4002B1C5B /* ClosetViewController.swift in Sources */,
				8EEA39E522720625009D1329 /* ClothesItems.swift in Sources */,
				8EEA39DD227140F7009D1329 /* ClothesItem.swift in Sources */,
				8EFFDBE2226FFDAA002B1C5B /* OutfitCreatorViewController.swift in Sources */,
				8E0A059322543077000B3029 /* AppDelegate.swift in Sources */,
				8EEA39E32272051A009D1329 /* AllClothesViewController.swift in Sources */,
			);
			runOnlyForDeploymentPostprocessing = 0;
		};
/* End PBXSourcesBuildPhase section */

/* Begin PBXVariantGroup section */
		8E0A059622543077000B3029 /* Main.storyboard */ = {
			isa = PBXVariantGroup;
			children = (
				8E0A059722543077000B3029 /* Base */,
			);
			name = Main.storyboard;
			sourceTree = "<group>";
		};
		8E0A059B22543079000B3029 /* LaunchScreen.storyboard */ = {
			isa = PBXVariantGroup;
			children = (
				8E0A059C22543079000B3029 /* Base */,
			);
			name = LaunchScreen.storyboard;
			sourceTree = "<group>";
		};
/* End PBXVariantGroup section */

/* Begin XCBuildConfiguration section */
		8E0A059F22543079000B3029 /* Debug */ = {
			isa = XCBuildConfiguration;
			buildSettings = {
				ALWAYS_SEARCH_USER_PATHS = NO;
				CLANG_ANALYZER_NONNULL = YES;
				CLANG_ANALYZER_NUMBER_OBJECT_CONVERSION = YES_AGGRESSIVE;
				CLANG_CXX_LANGUAGE_STANDARD = "gnu++14";
				CLANG_CXX_LIBRARY = "libc++";
				CLANG_ENABLE_MODULES = YES;
				CLANG_ENABLE_OBJC_ARC = YES;
				CLANG_ENABLE_OBJC_WEAK = YES;
				CLANG_WARN_BLOCK_CAPTURE_AUTORELEASING = YES;
				CLANG_WARN_BOOL_CONVERSION = YES;
				CLANG_WARN_COMMA = YES;
				CLANG_WARN_CONSTANT_CONVERSION = YES;
				CLANG_WARN_DEPRECATED_OBJC_IMPLEMENTATIONS = YES;
				CLANG_WARN_DIRECT_OBJC_ISA_USAGE = YES_ERROR;
				CLANG_WARN_DOCUMENTATION_COMMENTS = YES;
				CLANG_WARN_EMPTY_BODY = YES;
				CLANG_WARN_ENUM_CONVERSION = YES;
				CLANG_WARN_INFINITE_RECURSION = YES;
				CLANG_WARN_INT_CONVERSION = YES;
				CLANG_WARN_NON_LITERAL_NULL_CONVERSION = YES;
				CLANG_WARN_OBJC_IMPLICIT_RETAIN_SELF = YES;
				CLANG_WARN_OBJC_LITERAL_CONVERSION = YES;
				CLANG_WARN_OBJC_ROOT_CLASS = YES_ERROR;
				CLANG_WARN_RANGE_LOOP_ANALYSIS = YES;
				CLANG_WARN_STRICT_PROTOTYPES = YES;
				CLANG_WARN_SUSPICIOUS_MOVE = YES;
				CLANG_WARN_UNGUARDED_AVAILABILITY = YES_AGGRESSIVE;
				CLANG_WARN_UNREACHABLE_CODE = YES;
				CLANG_WARN__DUPLICATE_METHOD_MATCH = YES;
				CODE_SIGN_IDENTITY = "iPhone Developer";
				COPY_PHASE_STRIP = NO;
				DEBUG_INFORMATION_FORMAT = dwarf;
				ENABLE_STRICT_OBJC_MSGSEND = YES;
				ENABLE_TESTABILITY = YES;
				GCC_C_LANGUAGE_STANDARD = gnu11;
				GCC_DYNAMIC_NO_PIC = NO;
				GCC_NO_COMMON_BLOCKS = YES;
				GCC_OPTIMIZATION_LEVEL = 0;
				GCC_PREPROCESSOR_DEFINITIONS = (
					"DEBUG=1",
					"$(inherited)",
				);
				GCC_WARN_64_TO_32_BIT_CONVERSION = YES;
				GCC_WARN_ABOUT_RETURN_TYPE = YES_ERROR;
				GCC_WARN_UNDECLARED_SELECTOR = YES;
				GCC_WARN_UNINITIALIZED_AUTOS = YES_AGGRESSIVE;
				GCC_WARN_UNUSED_FUNCTION = YES;
				GCC_WARN_UNUSED_VARIABLE = YES;
				IPHONEOS_DEPLOYMENT_TARGET = 12.1;
				MTL_ENABLE_DEBUG_INFO = INCLUDE_SOURCE;
				MTL_FAST_MATH = YES;
				ONLY_ACTIVE_ARCH = YES;
				SDKROOT = iphoneos;
				SWIFT_ACTIVE_COMPILATION_CONDITIONS = DEBUG;
				SWIFT_OPTIMIZATION_LEVEL = "-Onone";
			};
			name = Debug;
		};
		8E0A05A022543079000B3029 /* Release */ = {
			isa = XCBuildConfiguration;
			buildSettings = {
				ALWAYS_SEARCH_USER_PATHS = NO;
				CLANG_ANALYZER_NONNULL = YES;
				CLANG_ANALYZER_NUMBER_OBJECT_CONVERSION = YES_AGGRESSIVE;
				CLANG_CXX_LANGUAGE_STANDARD = "gnu++14";
				CLANG_CXX_LIBRARY = "libc++";
				CLANG_ENABLE_MODULES = YES;
				CLANG_ENABLE_OBJC_ARC = YES;
				CLANG_ENABLE_OBJC_WEAK = YES;
				CLANG_WARN_BLOCK_CAPTURE_AUTORELEASING = YES;
				CLANG_WARN_BOOL_CONVERSION = YES;
				CLANG_WARN_COMMA = YES;
				CLANG_WARN_CONSTANT_CONVERSION = YES;
				CLANG_WARN_DEPRECATED_OBJC_IMPLEMENTATIONS = YES;
				CLANG_WARN_DIRECT_OBJC_ISA_USAGE = YES_ERROR;
				CLANG_WARN_DOCUMENTATION_COMMENTS = YES;
				CLANG_WARN_EMPTY_BODY = YES;
				CLANG_WARN_ENUM_CONVERSION = YES;
				CLANG_WARN_INFINITE_RECURSION = YES;
				CLANG_WARN_INT_CONVERSION = YES;
				CLANG_WARN_NON_LITERAL_NULL_CONVERSION = YES;
				CLANG_WARN_OBJC_IMPLICIT_RETAIN_SELF = YES;
				CLANG_WARN_OBJC_LITERAL_CONVERSION = YES;
				CLANG_WARN_OBJC_ROOT_CLASS = YES_ERROR;
				CLANG_WARN_RANGE_LOOP_ANALYSIS = YES;
				CLANG_WARN_STRICT_PROTOTYPES = YES;
				CLANG_WARN_SUSPICIOUS_MOVE = YES;
				CLANG_WARN_UNGUARDED_AVAILABILITY = YES_AGGRESSIVE;
				CLANG_WARN_UNREACHABLE_CODE = YES;
				CLANG_WARN__DUPLICATE_METHOD_MATCH = YES;
				CODE_SIGN_IDENTITY = "iPhone Developer";
				COPY_PHASE_STRIP = NO;
				DEBUG_INFORMATION_FORMAT = "dwarf-with-dsym";
				ENABLE_NS_ASSERTIONS = NO;
				ENABLE_STRICT_OBJC_MSGSEND = YES;
				GCC_C_LANGUAGE_STANDARD = gnu11;
				GCC_NO_COMMON_BLOCKS = YES;
				GCC_WARN_64_TO_32_BIT_CONVERSION = YES;
				GCC_WARN_ABOUT_RETURN_TYPE = YES_ERROR;
				GCC_WARN_UNDECLARED_SELECTOR = YES;
				GCC_WARN_UNINITIALIZED_AUTOS = YES_AGGRESSIVE;
				GCC_WARN_UNUSED_FUNCTION = YES;
				GCC_WARN_UNUSED_VARIABLE = YES;
				IPHONEOS_DEPLOYMENT_TARGET = 12.1;
				MTL_ENABLE_DEBUG_INFO = NO;
				MTL_FAST_MATH = YES;
				SDKROOT = iphoneos;
				SWIFT_COMPILATION_MODE = wholemodule;
				SWIFT_OPTIMIZATION_LEVEL = "-O";
				VALIDATE_PRODUCT = YES;
			};
			name = Release;
		};
		8E0A05A222543079000B3029 /* Debug */ = {
			isa = XCBuildConfiguration;
			baseConfigurationReference = D6E442195A3AA18BED27596C /* Pods-Random Project.debug.xcconfig */;
			buildSettings = {
				ASSETCATALOG_COMPILER_APPICON_NAME = AppIcon;
				CODE_SIGN_STYLE = Automatic;
				DEVELOPMENT_TEAM = L3UFM664Y8;
				INFOPLIST_FILE = "Random Project/Info.plist";
				LD_RUNPATH_SEARCH_PATHS = (
					"$(inherited)",
					"@executable_path/Frameworks",
				);
				PRODUCT_BUNDLE_IDENTIFIER = "com.arrigo.Random-Project";
				PRODUCT_NAME = "$(TARGET_NAME)";
				SWIFT_VERSION = 4.2;
				TARGETED_DEVICE_FAMILY = "1,2";
			};
			name = Debug;
		};
		8E0A05A322543079000B3029 /* Release */ = {
			isa = XCBuildConfiguration;
			baseConfigurationReference = 4E9E526172DB4A66F78DC775 /* Pods-Random Project.release.xcconfig */;
			buildSettings = {
				ASSETCATALOG_COMPILER_APPICON_NAME = AppIcon;
				CODE_SIGN_STYLE = Automatic;
				DEVELOPMENT_TEAM = L3UFM664Y8;
				INFOPLIST_FILE = "Random Project/Info.plist";
				LD_RUNPATH_SEARCH_PATHS = (
					"$(inherited)",
					"@executable_path/Frameworks",
				);
				PRODUCT_BUNDLE_IDENTIFIER = "com.arrigo.Random-Project";
				PRODUCT_NAME = "$(TARGET_NAME)";
				SWIFT_VERSION = 4.2;
				TARGETED_DEVICE_FAMILY = "1,2";
			};
			name = Release;
		};
/* End XCBuildConfiguration section */

/* Begin XCConfigurationList section */
		8E0A058A22543076000B3029 /* Build configuration list for PBXProject "Random Project" */ = {
			isa = XCConfigurationList;
			buildConfigurations = (
				8E0A059F22543079000B3029 /* Debug */,
				8E0A05A022543079000B3029 /* Release */,
			);
			defaultConfigurationIsVisible = 0;
			defaultConfigurationName = Release;
		};
		8E0A05A122543079000B3029 /* Build configuration list for PBXNativeTarget "Random Project" */ = {
			isa = XCConfigurationList;
			buildConfigurations = (
				8E0A05A222543079000B3029 /* Debug */,
				8E0A05A322543079000B3029 /* Release */,
			);
			defaultConfigurationIsVisible = 0;
			defaultConfigurationName = Release;
		};
/* End XCConfigurationList section */
	};
	rootObject = 8E0A058722543076000B3029 /* Project object */;
}
